
Microsoft Visual Studio Solution File, Format Version 11.00
# Visual Studio 2010
Project("{8BC9CEB8-8B4A-11D0-8D11-00A0C91BC942}") = "Skillstest 2", "Skillstest 2\Skillstest 2.vcxproj", "{6513E398-0B3D-4D9B-B98E-4EB492A95EC6}"
EndProject
Global
	GlobalSection(SolutionConfigurationPlatforms) = preSolution
		Debug|Win32 = Debug|Win32
		Release|Win32 = Release|Win32
	EndGlobalSection
	GlobalSection(ProjectConfigurationPlatforms) = postSolution
		{6513E398-0B3D-4D9B-B98E-4EB492A95EC6}.Debug|Win32.ActiveCfg = Debug|Win32
		{6513E398-0B3D-4D9B-B98E-4EB492A95EC6}.Debug|Win32.Build.0 = Debug|Win32
		{6513E398-0B3D-4D9B-B98E-4EB492A95EC6}.Release|Win32.ActiveCfg = Release|Win32
		{6513E398-0B3D-4D9B-B98E-4EB492A95EC6}.Release|Win32.Build.0 = Release|Win32
	EndGlobalSection
	GlobalSection(SolutionProperties) = preSolution
		HideSolutionNode = FALSE
	EndGlobalSection
EndGlobal
